
Microsoft Visual Studio Solution File, Format Version 12.00
Project("{FAE04EC0-301F-11D3-BF4B-00C04F79EFBC}") = "UniCollection", "UniCollection\UniCollection.csproj", "{FD9D2E46-9DE7-486C-BF7E-EF988C1629C5}"
EndProject
Global
	GlobalSection(SolutionConfigurationPlatforms) = preSolution
		Debug|Any CPU = Debug|Any CPU
		Release|Any CPU = Release|Any CPU
	EndGlobalSection
	GlobalSection(ProjectConfigurationPlatforms) = postSolution
		{FD9D2E46-9DE7-486C-BF7E-EF988C1629C5}.Debug|Any CPU.ActiveCfg = Debug|Any CPU
		{FD9D2E46-9DE7-486C-BF7E-EF988C1629C5}.Debug|Any CPU.Build.0 = Debug|Any CPU
		{FD9D2E46-9DE7-486C-BF7E-EF988C1629C5}.Release|Any CPU.ActiveCfg = Release|Any CPU
		{FD9D2E46-9DE7-486C-BF7E-EF988C1629C5}.Release|Any CPU.Build.0 = Release|Any CPU
	EndGlobalSection
EndGlobal
